
Microsoft Visual Studio Solution File, Format Version 12.00
# Visual Studio 11
Project("{FAE04EC0-301F-11D3-BF4B-00C04F79EFBC}") = "AwesomeControl", "AwesomeControl\AwesomeControl.csproj", "{A46C6768-1DB5-41DB-81A9-8FC21532431B}"
EndProject
Global
	GlobalSection(SolutionConfigurationPlatforms) = preSolution
		Debug|Any CPU = Debug|Any CPU
		Release|Any CPU = Release|Any CPU
	EndGlobalSection
	GlobalSection(ProjectConfigurationPlatforms) = postSolution
		{A46C6768-1DB5-41DB-81A9-8FC21532431B}.Debug|Any CPU.ActiveCfg = Debug|Any CPU
		{A46C6768-1DB5-41DB-81A9-8FC21532431B}.Debug|Any CPU.Build.0 = Debug|Any CPU
		{A46C6768-1DB5-41DB-81A9-8FC21532431B}.Release|Any CPU.ActiveCfg = Release|Any CPU
		{A46C6768-1DB5-41DB-81A9-8FC21532431B}.Release|Any CPU.Build.0 = Release|Any CPU
	EndGlobalSection
	GlobalSection(SolutionProperties) = preSolution
		HideSolutionNode = FALSE
	EndGlobalSection
EndGlobal
